
Microsoft Visual Studio Solution File, Format Version 12.00
# Visual Studio Version 16
VisualStudioVersion = 16.0.31205.134
MinimumVisualStudioVersion = 10.0.40219.1
Project("{9A19103F-16F7-4668-BE54-9A1E7A4F7556}") = "Weelo.RealEstate.Api", "Weelo.RealState.Api\Weelo.RealEstate.Api.csproj", "{2F63184B-85B6-431C-BA27-5932CDE3D0C0}"
EndProject
Project("{FAE04EC0-301F-11D3-BF4B-00C04F79EFBC}") = "Weelo.LogicaNegocio", "Weelo.LogicaNegocio\Weelo.LogicaNegocio.csproj", "{1CBE1639-ABA9-46E0-9312-104E29D99F1F}"
EndProject
Project("{FAE04EC0-301F-11D3-BF4B-00C04F79EFBC}") = "Weelo.LogicaNegocio.Interface", "Weelo.LogicaNegocio.Interface\Weelo.LogicaNegocio.Interface.csproj", "{654602C1-819E-43B7-8406-38E7EB94A644}"
EndProject
Project("{FAE04EC0-301F-11D3-BF4B-00C04F79EFBC}") = "Weelo.Dominio", "Weelo.Dominio\Weelo.Dominio.csproj", "{87FB1EF2-8CD9-4220-9640-5D1A38BB1825}"
EndProject
Project("{2150E333-8FDC-42A3-9474-1A3956D46DE8}") = "1. Servicios", "1. Servicios", "{192AB2AF-9E80-46A8-97E1-988B2537BF1C}"
EndProject
Project("{2150E333-8FDC-42A3-9474-1A3956D46DE8}") = "2. Dominio", "2. Dominio", "{2A48D353-55B8-474C-BD86-6D6729BE0590}"
EndProject
Project("{2150E333-8FDC-42A3-9474-1A3956D46DE8}") = "3. Negocio", "3. Negocio", "{4759BB26-67D1-4B8C-83FB-DE76F6469C25}"
EndProject
Global
	GlobalSection(SolutionConfigurationPlatforms) = preSolution
		Debug|Any CPU = Debug|Any CPU
		Release|Any CPU = Release|Any CPU
	EndGlobalSection
	GlobalSection(ProjectConfigurationPlatforms) = postSolution
		{2F63184B-85B6-431C-BA27-5932CDE3D0C0}.Debug|Any CPU.ActiveCfg = Debug|Any CPU
		{2F63184B-85B6-431C-BA27-5932CDE3D0C0}.Debug|Any CPU.Build.0 = Debug|Any CPU
		{2F63184B-85B6-431C-BA27-5932CDE3D0C0}.Release|Any CPU.ActiveCfg = Release|Any CPU
		{2F63184B-85B6-431C-BA27-5932CDE3D0C0}.Release|Any CPU.Build.0 = Release|Any CPU
		{1CBE1639-ABA9-46E0-9312-104E29D99F1F}.Debug|Any CPU.ActiveCfg = Debug|Any CPU
		{1CBE1639-ABA9-46E0-9312-104E29D99F1F}.Debug|Any CPU.Build.0 = Debug|Any CPU
		{1CBE1639-ABA9-46E0-9312-104E29D99F1F}.Release|Any CPU.ActiveCfg = Release|Any CPU
		{1CBE1639-ABA9-46E0-9312-104E29D99F1F}.Release|Any CPU.Build.0 = Release|Any CPU
		{654602C1-819E-43B7-8406-38E7EB94A644}.Debug|Any CPU.ActiveCfg = Debug|Any CPU
		{654602C1-819E-43B7-8406-38E7EB94A644}.Debug|Any CPU.Build.0 = Debug|Any CPU
		{654602C1-819E-43B7-8406-38E7EB94A644}.Release|Any CPU.ActiveCfg = Release|Any CPU
		{654602C1-819E-43B7-8406-38E7EB94A644}.Release|Any CPU.Build.0 = Release|Any CPU
		{87FB1EF2-8CD9-4220-9640-5D1A38BB1825}.Debug|Any CPU.ActiveCfg = Debug|Any CPU
		{87FB1EF2-8CD9-4220-9640-5D1A38BB1825}.Debug|Any CPU.Build.0 = Debug|Any CPU
		{87FB1EF2-8CD9-4220-9640-5D1A38BB1825}.Release|Any CPU.ActiveCfg = Release|Any CPU
		{87FB1EF2-8CD9-4220-9640-5D1A38BB1825}.Release|Any CPU.Build.0 = Release|Any CPU
	EndGlobalSection
	GlobalSection(SolutionProperties) = preSolution
		HideSolutionNode = FALSE
	EndGlobalSection
	GlobalSection(NestedProjects) = preSolution
		{2F63184B-85B6-431C-BA27-5932CDE3D0C0} = {192AB2AF-9E80-46A8-97E1-988B2537BF1C}
		{1CBE1639-ABA9-46E0-9312-104E29D99F1F} = {4759BB26-67D1-4B8C-83FB-DE76F6469C25}
		{654602C1-819E-43B7-8406-38E7EB94A644} = {4759BB26-67D1-4B8C-83FB-DE76F6469C25}
		{87FB1EF2-8CD9-4220-9640-5D1A38BB1825} = {2A48D353-55B8-474C-BD86-6D6729BE0590}
	EndGlobalSection
	GlobalSection(ExtensibilityGlobals) = postSolution
		SolutionGuid = {B21557A2-9582-4A5D-9877-C510B3111C4B}
	EndGlobalSection
EndGlobal
